
Microsoft Visual Studio Solution File, Format Version 12.00
# Visual Studio Version 16
VisualStudioVersion = 16.0.32630.194
MinimumVisualStudioVersion = 10.0.40219.1
Project("{888888A0-9F3D-457C-B088-3A5042F75D52}") = "HW_file_editing", "HW_file_editing.pyproj", "{56C8C635-7F68-4AFC-80AB-307271433BE2}"
EndProject
Global
	GlobalSection(SolutionConfigurationPlatforms) = preSolution
		Debug|Any CPU = Debug|Any CPU
		Release|Any CPU = Release|Any CPU
	EndGlobalSection
	GlobalSection(ProjectConfigurationPlatforms) = postSolution
		{56C8C635-7F68-4AFC-80AB-307271433BE2}.Debug|Any CPU.ActiveCfg = Debug|Any CPU
		{56C8C635-7F68-4AFC-80AB-307271433BE2}.Release|Any CPU.ActiveCfg = Release|Any CPU
	EndGlobalSection
	GlobalSection(SolutionProperties) = preSolution
		HideSolutionNode = FALSE
	EndGlobalSection
	GlobalSection(ExtensibilityGlobals) = postSolution
		SolutionGuid = {8432458B-7D50-4A88-A0DB-24B7D30F329B}
	EndGlobalSection
EndGlobal
